
Microsoft Visual Studio Solution File, Format Version 12.00
# Visual Studio Express 2013 for Windows Desktop
VisualStudioVersion = 12.0.21005.1
MinimumVisualStudioVersion = 10.0.40219.1
Project("{FAE04EC0-301F-11D3-BF4B-00C04F79EFBC}") = "BackOfficeTests", "BackOfficeTests\BackOfficeTests.csproj", "{174EA223-2C8E-4270-9A89-1C1B7A0A333B}"
EndProject
Project("{2150E333-8FDC-42A3-9474-1A3956D46DE8}") = ".nuget", ".nuget", "{B42C2408-CFCC-4951-97AA-E8A81A0E5E9D}"
	ProjectSection(SolutionItems) = preProject
		.nuget\packages.config = .nuget\packages.config
	EndProjectSection
EndProject
Global
	GlobalSection(SolutionConfigurationPlatforms) = preSolution
		Debug|Any CPU = Debug|Any CPU
		Release|Any CPU = Release|Any CPU
	EndGlobalSection
	GlobalSection(ProjectConfigurationPlatforms) = postSolution
		{174EA223-2C8E-4270-9A89-1C1B7A0A333B}.Debug|Any CPU.ActiveCfg = Debug|Any CPU
		{174EA223-2C8E-4270-9A89-1C1B7A0A333B}.Debug|Any CPU.Build.0 = Debug|Any CPU
		{174EA223-2C8E-4270-9A89-1C1B7A0A333B}.Release|Any CPU.ActiveCfg = Release|Any CPU
		{174EA223-2C8E-4270-9A89-1C1B7A0A333B}.Release|Any CPU.Build.0 = Release|Any CPU
	EndGlobalSection
	GlobalSection(SolutionProperties) = preSolution
		HideSolutionNode = FALSE
	EndGlobalSection
EndGlobal
